
Microsoft Visual Studio Solution File, Format Version 12.00
# Visual Studio Version 17
VisualStudioVersion = 17.0.31903.59
MinimumVisualStudioVersion = 10.0.40219.1
Project("{2150E333-8FDC-42A3-9474-1A3956D46DE8}") = "Basics", "Basics", "{6EA703D0-191A-D862-B1E6-67D1C8054AC9}"
EndProject
Project("{FAE04EC0-301F-11D3-BF4B-00C04F79EFBC}") = "ConsoleApp", "Basics\ConsoleApp\ConsoleApp.csproj", "{DA8E50FA-E0E2-4CA0-BAF5-70F38704FB54}"
EndProject
Project("{FAE04EC0-301F-11D3-BF4B-00C04F79EFBC}") = "HelloWorldApp", "Basics\HelloWorldApp\HelloWorldApp.csproj", "{EA04F2A3-FD5F-4203-A836-22B0992A49E1}"
EndProject
Project("{2150E333-8FDC-42A3-9474-1A3956D46DE8}") = "OOP", "OOP", "{CEC0EC27-0CEC-90C6-CABA-E58AB278E4DA}"
EndProject
Project("{2150E333-8FDC-42A3-9474-1A3956D46DE8}") = "Objects", "Objects", "{81797685-EA04-4EB4-3CE2-F328D2EF423F}"
EndProject
Project("{FAE04EC0-301F-11D3-BF4B-00C04F79EFBC}") = "ObjectsApp", "OOP\Objects\ObjectsApp\ObjectsApp.csproj", "{35401D8E-7F57-42C4-9536-EB8D1817C39B}"
EndProject
Project("{2150E333-8FDC-42A3-9474-1A3956D46DE8}") = "Interfaces", "Interfaces", "{02EA681E-C7D8-13C7-8484-4AC65E1B71E8}"
EndProject
Project("{FAE04EC0-301F-11D3-BF4B-00C04F79EFBC}") = "CurrencyCalculatorConsoleApp", "CurrencyCalculatorConsoleApp\CurrencyCalculatorConsoleApp.csproj", "{AE31575C-B35B-4932-BB24-9A744487B530}"
EndProject
Project("{FAE04EC0-301F-11D3-BF4B-00C04F79EFBC}") = "RepositoryPatternConsoleApp", "RepositoryPatternConsoleApp\RepositoryPatternConsoleApp.csproj", "{196CFD2C-B8DD-442B-AEF7-0EBEC8C9AF2A}"
EndProject
Global
	GlobalSection(SolutionConfigurationPlatforms) = preSolution
		Debug|Any CPU = Debug|Any CPU
		Debug|x64 = Debug|x64
		Debug|x86 = Debug|x86
		Release|Any CPU = Release|Any CPU
		Release|x64 = Release|x64
		Release|x86 = Release|x86
	EndGlobalSection
	GlobalSection(ProjectConfigurationPlatforms) = postSolution
		{DA8E50FA-E0E2-4CA0-BAF5-70F38704FB54}.Debug|Any CPU.ActiveCfg = Debug|Any CPU
		{DA8E50FA-E0E2-4CA0-BAF5-70F38704FB54}.Debug|Any CPU.Build.0 = Debug|Any CPU
		{DA8E50FA-E0E2-4CA0-BAF5-70F38704FB54}.Debug|x64.ActiveCfg = Debug|Any CPU
		{DA8E50FA-E0E2-4CA0-BAF5-70F38704FB54}.Debug|x64.Build.0 = Debug|Any CPU
		{DA8E50FA-E0E2-4CA0-BAF5-70F38704FB54}.Debug|x86.ActiveCfg = Debug|Any CPU
		{DA8E50FA-E0E2-4CA0-BAF5-70F38704FB54}.Debug|x86.Build.0 = Debug|Any CPU
		{DA8E50FA-E0E2-4CA0-BAF5-70F38704FB54}.Release|Any CPU.ActiveCfg = Release|Any CPU
		{DA8E50FA-E0E2-4CA0-BAF5-70F38704FB54}.Release|Any CPU.Build.0 = Release|Any CPU
		{DA8E50FA-E0E2-4CA0-BAF5-70F38704FB54}.Release|x64.ActiveCfg = Release|Any CPU
		{DA8E50FA-E0E2-4CA0-BAF5-70F38704FB54}.Release|x64.Build.0 = Release|Any CPU
		{DA8E50FA-E0E2-4CA0-BAF5-70F38704FB54}.Release|x86.ActiveCfg = Release|Any CPU
		{DA8E50FA-E0E2-4CA0-BAF5-70F38704FB54}.Release|x86.Build.0 = Release|Any CPU
		{EA04F2A3-FD5F-4203-A836-22B0992A49E1}.Debug|Any CPU.ActiveCfg = Debug|Any CPU
		{EA04F2A3-FD5F-4203-A836-22B0992A49E1}.Debug|Any CPU.Build.0 = Debug|Any CPU
		{EA04F2A3-FD5F-4203-A836-22B0992A49E1}.Debug|x64.ActiveCfg = Debug|Any CPU
		{EA04F2A3-FD5F-4203-A836-22B0992A49E1}.Debug|x64.Build.0 = Debug|Any CPU
		{EA04F2A3-FD5F-4203-A836-22B0992A49E1}.Debug|x86.ActiveCfg = Debug|Any CPU
		{EA04F2A3-FD5F-4203-A836-22B0992A49E1}.Debug|x86.Build.0 = Debug|Any CPU
		{EA04F2A3-FD5F-4203-A836-22B0992A49E1}.Release|Any CPU.ActiveCfg = Release|Any CPU
		{EA04F2A3-FD5F-4203-A836-22B0992A49E1}.Release|Any CPU.Build.0 = Release|Any CPU
		{EA04F2A3-FD5F-4203-A836-22B0992A49E1}.Release|x64.ActiveCfg = Release|Any CPU
		{EA04F2A3-FD5F-4203-A836-22B0992A49E1}.Release|x64.Build.0 = Release|Any CPU
		{EA04F2A3-FD5F-4203-A836-22B0992A49E1}.Release|x86.ActiveCfg = Release|Any CPU
		{EA04F2A3-FD5F-4203-A836-22B0992A49E1}.Release|x86.Build.0 = Release|Any CPU
		{35401D8E-7F57-42C4-9536-EB8D1817C39B}.Debug|Any CPU.ActiveCfg = Debug|Any CPU
		{35401D8E-7F57-42C4-9536-EB8D1817C39B}.Debug|Any CPU.Build.0 = Debug|Any CPU
		{35401D8E-7F57-42C4-9536-EB8D1817C39B}.Debug|x64.ActiveCfg = Debug|Any CPU
		{35401D8E-7F57-42C4-9536-EB8D1817C39B}.Debug|x64.Build.0 = Debug|Any CPU
		{35401D8E-7F57-42C4-9536-EB8D1817C39B}.Debug|x86.ActiveCfg = Debug|Any CPU
		{35401D8E-7F57-42C4-9536-EB8D1817C39B}.Debug|x86.Build.0 = Debug|Any CPU
		{35401D8E-7F57-42C4-9536-EB8D1817C39B}.Release|Any CPU.ActiveCfg = Release|Any CPU
		{35401D8E-7F57-42C4-9536-EB8D1817C39B}.Release|Any CPU.Build.0 = Release|Any CPU
		{35401D8E-7F57-42C4-9536-EB8D1817C39B}.Release|x64.ActiveCfg = Release|Any CPU
		{35401D8E-7F57-42C4-9536-EB8D1817C39B}.Release|x64.Build.0 = Release|Any CPU
		{35401D8E-7F57-42C4-9536-EB8D1817C39B}.Release|x86.ActiveCfg = Release|Any CPU
		{35401D8E-7F57-42C4-9536-EB8D1817C39B}.Release|x86.Build.0 = Release|Any CPU
		{AE31575C-B35B-4932-BB24-9A744487B530}.Debug|Any CPU.ActiveCfg = Debug|Any CPU
		{AE31575C-B35B-4932-BB24-9A744487B530}.Debug|Any CPU.Build.0 = Debug|Any CPU
		{AE31575C-B35B-4932-BB24-9A744487B530}.Debug|x64.ActiveCfg = Debug|Any CPU
		{AE31575C-B35B-4932-BB24-9A744487B530}.Debug|x64.Build.0 = Debug|Any CPU
		{AE31575C-B35B-4932-BB24-9A744487B530}.Debug|x86.ActiveCfg = Debug|Any CPU
		{AE31575C-B35B-4932-BB24-9A744487B530}.Debug|x86.Build.0 = Debug|Any CPU
		{AE31575C-B35B-4932-BB24-9A744487B530}.Release|Any CPU.ActiveCfg = Release|Any CPU
		{AE31575C-B35B-4932-BB24-9A744487B530}.Release|Any CPU.Build.0 = Release|Any CPU
		{AE31575C-B35B-4932-BB24-9A744487B530}.Release|x64.ActiveCfg = Release|Any CPU
		{AE31575C-B35B-4932-BB24-9A744487B530}.Release|x64.Build.0 = Release|Any CPU
		{AE31575C-B35B-4932-BB24-9A744487B530}.Release|x86.ActiveCfg = Release|Any CPU
		{AE31575C-B35B-4932-BB24-9A744487B530}.Release|x86.Build.0 = Release|Any CPU
		{196CFD2C-B8DD-442B-AEF7-0EBEC8C9AF2A}.Debug|Any CPU.ActiveCfg = Debug|Any CPU
		{196CFD2C-B8DD-442B-AEF7-0EBEC8C9AF2A}.Debug|Any CPU.Build.0 = Debug|Any CPU
		{196CFD2C-B8DD-442B-AEF7-0EBEC8C9AF2A}.Debug|x64.ActiveCfg = Debug|Any CPU
		{196CFD2C-B8DD-442B-AEF7-0EBEC8C9AF2A}.Debug|x64.Build.0 = Debug|Any CPU
		{196CFD2C-B8DD-442B-AEF7-0EBEC8C9AF2A}.Debug|x86.ActiveCfg = Debug|Any CPU
		{196CFD2C-B8DD-442B-AEF7-0EBEC8C9AF2A}.Debug|x86.Build.0 = Debug|Any CPU
		{196CFD2C-B8DD-442B-AEF7-0EBEC8C9AF2A}.Release|Any CPU.ActiveCfg = Release|Any CPU
		{196CFD2C-B8DD-442B-AEF7-0EBEC8C9AF2A}.Release|Any CPU.Build.0 = Release|Any CPU
		{196CFD2C-B8DD-442B-AEF7-0EBEC8C9AF2A}.Release|x64.ActiveCfg = Release|Any CPU
		{196CFD2C-B8DD-442B-AEF7-0EBEC8C9AF2A}.Release|x64.Build.0 = Release|Any CPU
		{196CFD2C-B8DD-442B-AEF7-0EBEC8C9AF2A}.Release|x86.ActiveCfg = Release|Any CPU
		{196CFD2C-B8DD-442B-AEF7-0EBEC8C9AF2A}.Release|x86.Build.0 = Release|Any CPU
	EndGlobalSection
	GlobalSection(SolutionProperties) = preSolution
		HideSolutionNode = FALSE
	EndGlobalSection
	GlobalSection(NestedProjects) = preSolution
		{DA8E50FA-E0E2-4CA0-BAF5-70F38704FB54} = {6EA703D0-191A-D862-B1E6-67D1C8054AC9}
		{EA04F2A3-FD5F-4203-A836-22B0992A49E1} = {6EA703D0-191A-D862-B1E6-67D1C8054AC9}
		{81797685-EA04-4EB4-3CE2-F328D2EF423F} = {CEC0EC27-0CEC-90C6-CABA-E58AB278E4DA}
		{35401D8E-7F57-42C4-9536-EB8D1817C39B} = {81797685-EA04-4EB4-3CE2-F328D2EF423F}
		{AE31575C-B35B-4932-BB24-9A744487B530} = {02EA681E-C7D8-13C7-8484-4AC65E1B71E8}
		{196CFD2C-B8DD-442B-AEF7-0EBEC8C9AF2A} = {02EA681E-C7D8-13C7-8484-4AC65E1B71E8}
	EndGlobalSection
	GlobalSection(ExtensibilityGlobals) = postSolution
		SolutionGuid = {0468E837-BD17-4685-B0DD-677EC21D2C7C}
	EndGlobalSection
EndGlobal
