
Microsoft Visual Studio Solution File, Format Version 12.00
# Visual Studio Version 17
VisualStudioVersion = 17.0.31903.59
MinimumVisualStudioVersion = 10.0.40219.1
Project("{2150E333-8FDC-42A3-9474-1A3956D46DE8}") = "Basics", "Basics", "{6EA703D0-191A-D862-B1E6-67D1C8054AC9}"
EndProject
Project("{FAE04EC0-301F-11D3-BF4B-00C04F79EFBC}") = "ConsoleApp", "Basics\ConsoleApp\ConsoleApp.csproj", "{DA8E50FA-E0E2-4CA0-BAF5-70F38704FB54}"
EndProject
Project("{FAE04EC0-301F-11D3-BF4B-00C04F79EFBC}") = "HelloWorldApp", "Basics\HelloWorldApp\HelloWorldApp.csproj", "{EA04F2A3-FD5F-4203-A836-22B0992A49E1}"
EndProject
Project("{2150E333-8FDC-42A3-9474-1A3956D46DE8}") = "OOP", "OOP", "{CEC0EC27-0CEC-90C6-CABA-E58AB278E4DA}"
EndProject
Project("{2150E333-8FDC-42A3-9474-1A3956D46DE8}") = "Objects", "Objects", "{81797685-EA04-4EB4-3CE2-F328D2EF423F}"
EndProject
Project("{FAE04EC0-301F-11D3-BF4B-00C04F79EFBC}") = "ObjectsApp", "OOP\Objects\ObjectsApp\ObjectsApp.csproj", "{35401D8E-7F57-42C4-9536-EB8D1817C39B}"
EndProject
Project("{2150E333-8FDC-42A3-9474-1A3956D46DE8}") = "Interfaces", "Interfaces", "{02EA681E-C7D8-13C7-8484-4AC65E1B71E8}"
EndProject
Project("{FAE04EC0-301F-11D3-BF4B-00C04F79EFBC}") = "CurrencyCalculatorConsoleApp", "CurrencyCalculatorConsoleApp\CurrencyCalculatorConsoleApp.csproj", "{AE31575C-B35B-4932-BB24-9A744487B530}"
EndProject
Project("{FAE04EC0-301F-11D3-BF4B-00C04F79EFBC}") = "RepositoryPatternConsoleApp", "RepositoryPatternConsoleApp\RepositoryPatternConsoleApp.csproj", "{196CFD2C-B8DD-442B-AEF7-0EBEC8C9AF2A}"
EndProject
Project("{FAE04EC0-301F-11D3-BF4B-00C04F79EFBC}") = "SeparationInterfacesConsoleApp", "SeparationInterfacesConsoleApp\SeparationInterfacesConsoleApp.csproj", "{A6C42518-722A-48B7-97DF-AA0A8CA6FE14}"
EndProject
Project("{2150E333-8FDC-42A3-9474-1A3956D46DE8}") = "GenericTypes", "GenericTypes", "{BDD015EF-405F-462D-950F-9B0EB8A9B651}"
EndProject
Project("{FAE04EC0-301F-11D3-BF4B-00C04F79EFBC}") = "GenericClassConsoleApp", "GenericClassConsoleApp\GenericClassConsoleApp.csproj", "{13FA2CFC-A606-4CFF-A689-940EB01EC0C3}"
EndProject
Project("{FAE04EC0-301F-11D3-BF4B-00C04F79EFBC}") = "GenericInterfaceConsoleApp", "GenericInterfaceConsoleApp\GenericInterfaceConsoleApp.csproj", "{0B395DD3-78ED-4B82-98C8-C6A656C1EF74}"
EndProject
Project("{2150E333-8FDC-42A3-9474-1A3956D46DE8}") = "ExtensionMethods", "ExtensionMethods", "{5338EE8C-C3F3-4044-93B2-62E5D5D78A26}"
EndProject
Project("{FAE04EC0-301F-11D3-BF4B-00C04F79EFBC}") = "ExtensionMethodConsoleApp", "ExtensionMethodConsoleApp\ExtensionMethodConsoleApp.csproj", "{8E90140E-7B58-471E-BF68-32997EEC8E0A}"
EndProject
Project("{2150E333-8FDC-42A3-9474-1A3956D46DE8}") = "Collections", "Collections", "{DB56651B-7E1C-4BD4-BBD9-C7BFD9151865}"
EndProject
Project("{FAE04EC0-301F-11D3-BF4B-00C04F79EFBC}") = "CollectionConsoleApp", "CollectionConsoleApp\CollectionConsoleApp.csproj", "{C09C8D98-9107-4060-BE9C-B20668D10DAD}"
EndProject
Project("{2150E333-8FDC-42A3-9474-1A3956D46DE8}") = "LambdaExpression", "LambdaExpression", "{D2B34C92-ECC2-450B-93BD-CE2DD2FB5E67}"
EndProject
Project("{FAE04EC0-301F-11D3-BF4B-00C04F79EFBC}") = "LambdaExpressionConsoleApp", "LambdaExpressionConsoleApp\LambdaExpressionConsoleApp.csproj", "{3EA748FB-A091-40AE-9653-37B39BBA3C31}"
EndProject
Project("{2150E333-8FDC-42A3-9474-1A3956D46DE8}") = "DesignPatterns", "DesignPatterns", "{B088D5FB-0A77-41BC-B75D-F11043908FA0}"
EndProject
Project("{2150E333-8FDC-42A3-9474-1A3956D46DE8}") = "CreationalsPatterns", "CreationalsPatterns", "{CC12827C-0FDE-41F7-97BC-3A72B700C512}"
EndProject
Project("{2150E333-8FDC-42A3-9474-1A3956D46DE8}") = "StructuralsPatterns", "StructuralsPatterns", "{FAD839C1-E429-4CC0-89C6-F542EF0FCAE0}"
EndProject
Project("{2150E333-8FDC-42A3-9474-1A3956D46DE8}") = "BehavioralsPatterns", "BehavioralsPatterns", "{48EAA54D-9493-4214-B6A8-9C8DF6D73985}"
EndProject
Project("{FAE04EC0-301F-11D3-BF4B-00C04F79EFBC}") = "SingletonPattern", "DesignPatterns\CreationalsPatterns\SingletonPattern\SingletonPattern.csproj", "{E50FD177-FA6D-4A8F-A26F-5BEA608A8BBD}"
EndProject
Project("{FAE04EC0-301F-11D3-BF4B-00C04F79EFBC}") = "BuilderPattern", "DesignPatterns\CreationalsPatterns\BuilderPattern\BuilderPattern.csproj", "{58264AD1-12C1-40E4-85C8-F8F575015E64}"
EndProject
Project("{FAE04EC0-301F-11D3-BF4B-00C04F79EFBC}") = "AdapterPattern", "DesignPatterns\StructuralsPatterns\AdapterPattern\AdapterPattern.csproj", "{5BCE8EFC-384A-476F-AF05-48AA7A478B04}"
EndProject
Global
	GlobalSection(SolutionConfigurationPlatforms) = preSolution
		Debug|Any CPU = Debug|Any CPU
		Debug|x64 = Debug|x64
		Debug|x86 = Debug|x86
		Release|Any CPU = Release|Any CPU
		Release|x64 = Release|x64
		Release|x86 = Release|x86
	EndGlobalSection
	GlobalSection(ProjectConfigurationPlatforms) = postSolution
		{DA8E50FA-E0E2-4CA0-BAF5-70F38704FB54}.Debug|Any CPU.ActiveCfg = Debug|Any CPU
		{DA8E50FA-E0E2-4CA0-BAF5-70F38704FB54}.Debug|Any CPU.Build.0 = Debug|Any CPU
		{DA8E50FA-E0E2-4CA0-BAF5-70F38704FB54}.Debug|x64.ActiveCfg = Debug|Any CPU
		{DA8E50FA-E0E2-4CA0-BAF5-70F38704FB54}.Debug|x64.Build.0 = Debug|Any CPU
		{DA8E50FA-E0E2-4CA0-BAF5-70F38704FB54}.Debug|x86.ActiveCfg = Debug|Any CPU
		{DA8E50FA-E0E2-4CA0-BAF5-70F38704FB54}.Debug|x86.Build.0 = Debug|Any CPU
		{DA8E50FA-E0E2-4CA0-BAF5-70F38704FB54}.Release|Any CPU.ActiveCfg = Release|Any CPU
		{DA8E50FA-E0E2-4CA0-BAF5-70F38704FB54}.Release|Any CPU.Build.0 = Release|Any CPU
		{DA8E50FA-E0E2-4CA0-BAF5-70F38704FB54}.Release|x64.ActiveCfg = Release|Any CPU
		{DA8E50FA-E0E2-4CA0-BAF5-70F38704FB54}.Release|x64.Build.0 = Release|Any CPU
		{DA8E50FA-E0E2-4CA0-BAF5-70F38704FB54}.Release|x86.ActiveCfg = Release|Any CPU
		{DA8E50FA-E0E2-4CA0-BAF5-70F38704FB54}.Release|x86.Build.0 = Release|Any CPU
		{EA04F2A3-FD5F-4203-A836-22B0992A49E1}.Debug|Any CPU.ActiveCfg = Debug|Any CPU
		{EA04F2A3-FD5F-4203-A836-22B0992A49E1}.Debug|Any CPU.Build.0 = Debug|Any CPU
		{EA04F2A3-FD5F-4203-A836-22B0992A49E1}.Debug|x64.ActiveCfg = Debug|Any CPU
		{EA04F2A3-FD5F-4203-A836-22B0992A49E1}.Debug|x64.Build.0 = Debug|Any CPU
		{EA04F2A3-FD5F-4203-A836-22B0992A49E1}.Debug|x86.ActiveCfg = Debug|Any CPU
		{EA04F2A3-FD5F-4203-A836-22B0992A49E1}.Debug|x86.Build.0 = Debug|Any CPU
		{EA04F2A3-FD5F-4203-A836-22B0992A49E1}.Release|Any CPU.ActiveCfg = Release|Any CPU
		{EA04F2A3-FD5F-4203-A836-22B0992A49E1}.Release|Any CPU.Build.0 = Release|Any CPU
		{EA04F2A3-FD5F-4203-A836-22B0992A49E1}.Release|x64.ActiveCfg = Release|Any CPU
		{EA04F2A3-FD5F-4203-A836-22B0992A49E1}.Release|x64.Build.0 = Release|Any CPU
		{EA04F2A3-FD5F-4203-A836-22B0992A49E1}.Release|x86.ActiveCfg = Release|Any CPU
		{EA04F2A3-FD5F-4203-A836-22B0992A49E1}.Release|x86.Build.0 = Release|Any CPU
		{35401D8E-7F57-42C4-9536-EB8D1817C39B}.Debug|Any CPU.ActiveCfg = Debug|Any CPU
		{35401D8E-7F57-42C4-9536-EB8D1817C39B}.Debug|Any CPU.Build.0 = Debug|Any CPU
		{35401D8E-7F57-42C4-9536-EB8D1817C39B}.Debug|x64.ActiveCfg = Debug|Any CPU
		{35401D8E-7F57-42C4-9536-EB8D1817C39B}.Debug|x64.Build.0 = Debug|Any CPU
		{35401D8E-7F57-42C4-9536-EB8D1817C39B}.Debug|x86.ActiveCfg = Debug|Any CPU
		{35401D8E-7F57-42C4-9536-EB8D1817C39B}.Debug|x86.Build.0 = Debug|Any CPU
		{35401D8E-7F57-42C4-9536-EB8D1817C39B}.Release|Any CPU.ActiveCfg = Release|Any CPU
		{35401D8E-7F57-42C4-9536-EB8D1817C39B}.Release|Any CPU.Build.0 = Release|Any CPU
		{35401D8E-7F57-42C4-9536-EB8D1817C39B}.Release|x64.ActiveCfg = Release|Any CPU
		{35401D8E-7F57-42C4-9536-EB8D1817C39B}.Release|x64.Build.0 = Release|Any CPU
		{35401D8E-7F57-42C4-9536-EB8D1817C39B}.Release|x86.ActiveCfg = Release|Any CPU
		{35401D8E-7F57-42C4-9536-EB8D1817C39B}.Release|x86.Build.0 = Release|Any CPU
		{AE31575C-B35B-4932-BB24-9A744487B530}.Debug|Any CPU.ActiveCfg = Debug|Any CPU
		{AE31575C-B35B-4932-BB24-9A744487B530}.Debug|Any CPU.Build.0 = Debug|Any CPU
		{AE31575C-B35B-4932-BB24-9A744487B530}.Debug|x64.ActiveCfg = Debug|Any CPU
		{AE31575C-B35B-4932-BB24-9A744487B530}.Debug|x64.Build.0 = Debug|Any CPU
		{AE31575C-B35B-4932-BB24-9A744487B530}.Debug|x86.ActiveCfg = Debug|Any CPU
		{AE31575C-B35B-4932-BB24-9A744487B530}.Debug|x86.Build.0 = Debug|Any CPU
		{AE31575C-B35B-4932-BB24-9A744487B530}.Release|Any CPU.ActiveCfg = Release|Any CPU
		{AE31575C-B35B-4932-BB24-9A744487B530}.Release|Any CPU.Build.0 = Release|Any CPU
		{AE31575C-B35B-4932-BB24-9A744487B530}.Release|x64.ActiveCfg = Release|Any CPU
		{AE31575C-B35B-4932-BB24-9A744487B530}.Release|x64.Build.0 = Release|Any CPU
		{AE31575C-B35B-4932-BB24-9A744487B530}.Release|x86.ActiveCfg = Release|Any CPU
		{AE31575C-B35B-4932-BB24-9A744487B530}.Release|x86.Build.0 = Release|Any CPU
		{196CFD2C-B8DD-442B-AEF7-0EBEC8C9AF2A}.Debug|Any CPU.ActiveCfg = Debug|Any CPU
		{196CFD2C-B8DD-442B-AEF7-0EBEC8C9AF2A}.Debug|Any CPU.Build.0 = Debug|Any CPU
		{196CFD2C-B8DD-442B-AEF7-0EBEC8C9AF2A}.Debug|x64.ActiveCfg = Debug|Any CPU
		{196CFD2C-B8DD-442B-AEF7-0EBEC8C9AF2A}.Debug|x64.Build.0 = Debug|Any CPU
		{196CFD2C-B8DD-442B-AEF7-0EBEC8C9AF2A}.Debug|x86.ActiveCfg = Debug|Any CPU
		{196CFD2C-B8DD-442B-AEF7-0EBEC8C9AF2A}.Debug|x86.Build.0 = Debug|Any CPU
		{196CFD2C-B8DD-442B-AEF7-0EBEC8C9AF2A}.Release|Any CPU.ActiveCfg = Release|Any CPU
		{196CFD2C-B8DD-442B-AEF7-0EBEC8C9AF2A}.Release|Any CPU.Build.0 = Release|Any CPU
		{196CFD2C-B8DD-442B-AEF7-0EBEC8C9AF2A}.Release|x64.ActiveCfg = Release|Any CPU
		{196CFD2C-B8DD-442B-AEF7-0EBEC8C9AF2A}.Release|x64.Build.0 = Release|Any CPU
		{196CFD2C-B8DD-442B-AEF7-0EBEC8C9AF2A}.Release|x86.ActiveCfg = Release|Any CPU
		{196CFD2C-B8DD-442B-AEF7-0EBEC8C9AF2A}.Release|x86.Build.0 = Release|Any CPU
		{A6C42518-722A-48B7-97DF-AA0A8CA6FE14}.Debug|Any CPU.ActiveCfg = Debug|Any CPU
		{A6C42518-722A-48B7-97DF-AA0A8CA6FE14}.Debug|Any CPU.Build.0 = Debug|Any CPU
		{A6C42518-722A-48B7-97DF-AA0A8CA6FE14}.Debug|x64.ActiveCfg = Debug|Any CPU
		{A6C42518-722A-48B7-97DF-AA0A8CA6FE14}.Debug|x64.Build.0 = Debug|Any CPU
		{A6C42518-722A-48B7-97DF-AA0A8CA6FE14}.Debug|x86.ActiveCfg = Debug|Any CPU
		{A6C42518-722A-48B7-97DF-AA0A8CA6FE14}.Debug|x86.Build.0 = Debug|Any CPU
		{A6C42518-722A-48B7-97DF-AA0A8CA6FE14}.Release|Any CPU.ActiveCfg = Release|Any CPU
		{A6C42518-722A-48B7-97DF-AA0A8CA6FE14}.Release|Any CPU.Build.0 = Release|Any CPU
		{A6C42518-722A-48B7-97DF-AA0A8CA6FE14}.Release|x64.ActiveCfg = Release|Any CPU
		{A6C42518-722A-48B7-97DF-AA0A8CA6FE14}.Release|x64.Build.0 = Release|Any CPU
		{A6C42518-722A-48B7-97DF-AA0A8CA6FE14}.Release|x86.ActiveCfg = Release|Any CPU
		{A6C42518-722A-48B7-97DF-AA0A8CA6FE14}.Release|x86.Build.0 = Release|Any CPU
		{13FA2CFC-A606-4CFF-A689-940EB01EC0C3}.Debug|Any CPU.ActiveCfg = Debug|Any CPU
		{13FA2CFC-A606-4CFF-A689-940EB01EC0C3}.Debug|Any CPU.Build.0 = Debug|Any CPU
		{13FA2CFC-A606-4CFF-A689-940EB01EC0C3}.Debug|x64.ActiveCfg = Debug|Any CPU
		{13FA2CFC-A606-4CFF-A689-940EB01EC0C3}.Debug|x64.Build.0 = Debug|Any CPU
		{13FA2CFC-A606-4CFF-A689-940EB01EC0C3}.Debug|x86.ActiveCfg = Debug|Any CPU
		{13FA2CFC-A606-4CFF-A689-940EB01EC0C3}.Debug|x86.Build.0 = Debug|Any CPU
		{13FA2CFC-A606-4CFF-A689-940EB01EC0C3}.Release|Any CPU.ActiveCfg = Release|Any CPU
		{13FA2CFC-A606-4CFF-A689-940EB01EC0C3}.Release|Any CPU.Build.0 = Release|Any CPU
		{13FA2CFC-A606-4CFF-A689-940EB01EC0C3}.Release|x64.ActiveCfg = Release|Any CPU
		{13FA2CFC-A606-4CFF-A689-940EB01EC0C3}.Release|x64.Build.0 = Release|Any CPU
		{13FA2CFC-A606-4CFF-A689-940EB01EC0C3}.Release|x86.ActiveCfg = Release|Any CPU
		{13FA2CFC-A606-4CFF-A689-940EB01EC0C3}.Release|x86.Build.0 = Release|Any CPU
		{0B395DD3-78ED-4B82-98C8-C6A656C1EF74}.Debug|Any CPU.ActiveCfg = Debug|Any CPU
		{0B395DD3-78ED-4B82-98C8-C6A656C1EF74}.Debug|Any CPU.Build.0 = Debug|Any CPU
		{0B395DD3-78ED-4B82-98C8-C6A656C1EF74}.Debug|x64.ActiveCfg = Debug|Any CPU
		{0B395DD3-78ED-4B82-98C8-C6A656C1EF74}.Debug|x64.Build.0 = Debug|Any CPU
		{0B395DD3-78ED-4B82-98C8-C6A656C1EF74}.Debug|x86.ActiveCfg = Debug|Any CPU
		{0B395DD3-78ED-4B82-98C8-C6A656C1EF74}.Debug|x86.Build.0 = Debug|Any CPU
		{0B395DD3-78ED-4B82-98C8-C6A656C1EF74}.Release|Any CPU.ActiveCfg = Release|Any CPU
		{0B395DD3-78ED-4B82-98C8-C6A656C1EF74}.Release|Any CPU.Build.0 = Release|Any CPU
		{0B395DD3-78ED-4B82-98C8-C6A656C1EF74}.Release|x64.ActiveCfg = Release|Any CPU
		{0B395DD3-78ED-4B82-98C8-C6A656C1EF74}.Release|x64.Build.0 = Release|Any CPU
		{0B395DD3-78ED-4B82-98C8-C6A656C1EF74}.Release|x86.ActiveCfg = Release|Any CPU
		{0B395DD3-78ED-4B82-98C8-C6A656C1EF74}.Release|x86.Build.0 = Release|Any CPU
		{8E90140E-7B58-471E-BF68-32997EEC8E0A}.Debug|Any CPU.ActiveCfg = Debug|Any CPU
		{8E90140E-7B58-471E-BF68-32997EEC8E0A}.Debug|Any CPU.Build.0 = Debug|Any CPU
		{8E90140E-7B58-471E-BF68-32997EEC8E0A}.Debug|x64.ActiveCfg = Debug|Any CPU
		{8E90140E-7B58-471E-BF68-32997EEC8E0A}.Debug|x64.Build.0 = Debug|Any CPU
		{8E90140E-7B58-471E-BF68-32997EEC8E0A}.Debug|x86.ActiveCfg = Debug|Any CPU
		{8E90140E-7B58-471E-BF68-32997EEC8E0A}.Debug|x86.Build.0 = Debug|Any CPU
		{8E90140E-7B58-471E-BF68-32997EEC8E0A}.Release|Any CPU.ActiveCfg = Release|Any CPU
		{8E90140E-7B58-471E-BF68-32997EEC8E0A}.Release|Any CPU.Build.0 = Release|Any CPU
		{8E90140E-7B58-471E-BF68-32997EEC8E0A}.Release|x64.ActiveCfg = Release|Any CPU
		{8E90140E-7B58-471E-BF68-32997EEC8E0A}.Release|x64.Build.0 = Release|Any CPU
		{8E90140E-7B58-471E-BF68-32997EEC8E0A}.Release|x86.ActiveCfg = Release|Any CPU
		{8E90140E-7B58-471E-BF68-32997EEC8E0A}.Release|x86.Build.0 = Release|Any CPU
		{C09C8D98-9107-4060-BE9C-B20668D10DAD}.Debug|Any CPU.ActiveCfg = Debug|Any CPU
		{C09C8D98-9107-4060-BE9C-B20668D10DAD}.Debug|Any CPU.Build.0 = Debug|Any CPU
		{C09C8D98-9107-4060-BE9C-B20668D10DAD}.Debug|x64.ActiveCfg = Debug|Any CPU
		{C09C8D98-9107-4060-BE9C-B20668D10DAD}.Debug|x64.Build.0 = Debug|Any CPU
		{C09C8D98-9107-4060-BE9C-B20668D10DAD}.Debug|x86.ActiveCfg = Debug|Any CPU
		{C09C8D98-9107-4060-BE9C-B20668D10DAD}.Debug|x86.Build.0 = Debug|Any CPU
		{C09C8D98-9107-4060-BE9C-B20668D10DAD}.Release|Any CPU.ActiveCfg = Release|Any CPU
		{C09C8D98-9107-4060-BE9C-B20668D10DAD}.Release|Any CPU.Build.0 = Release|Any CPU
		{C09C8D98-9107-4060-BE9C-B20668D10DAD}.Release|x64.ActiveCfg = Release|Any CPU
		{C09C8D98-9107-4060-BE9C-B20668D10DAD}.Release|x64.Build.0 = Release|Any CPU
		{C09C8D98-9107-4060-BE9C-B20668D10DAD}.Release|x86.ActiveCfg = Release|Any CPU
		{C09C8D98-9107-4060-BE9C-B20668D10DAD}.Release|x86.Build.0 = Release|Any CPU
		{3EA748FB-A091-40AE-9653-37B39BBA3C31}.Debug|Any CPU.ActiveCfg = Debug|Any CPU
		{3EA748FB-A091-40AE-9653-37B39BBA3C31}.Debug|Any CPU.Build.0 = Debug|Any CPU
		{3EA748FB-A091-40AE-9653-37B39BBA3C31}.Debug|x64.ActiveCfg = Debug|Any CPU
		{3EA748FB-A091-40AE-9653-37B39BBA3C31}.Debug|x64.Build.0 = Debug|Any CPU
		{3EA748FB-A091-40AE-9653-37B39BBA3C31}.Debug|x86.ActiveCfg = Debug|Any CPU
		{3EA748FB-A091-40AE-9653-37B39BBA3C31}.Debug|x86.Build.0 = Debug|Any CPU
		{3EA748FB-A091-40AE-9653-37B39BBA3C31}.Release|Any CPU.ActiveCfg = Release|Any CPU
		{3EA748FB-A091-40AE-9653-37B39BBA3C31}.Release|Any CPU.Build.0 = Release|Any CPU
		{3EA748FB-A091-40AE-9653-37B39BBA3C31}.Release|x64.ActiveCfg = Release|Any CPU
		{3EA748FB-A091-40AE-9653-37B39BBA3C31}.Release|x64.Build.0 = Release|Any CPU
		{3EA748FB-A091-40AE-9653-37B39BBA3C31}.Release|x86.ActiveCfg = Release|Any CPU
		{3EA748FB-A091-40AE-9653-37B39BBA3C31}.Release|x86.Build.0 = Release|Any CPU
		{E50FD177-FA6D-4A8F-A26F-5BEA608A8BBD}.Debug|Any CPU.ActiveCfg = Debug|Any CPU
		{E50FD177-FA6D-4A8F-A26F-5BEA608A8BBD}.Debug|Any CPU.Build.0 = Debug|Any CPU
		{E50FD177-FA6D-4A8F-A26F-5BEA608A8BBD}.Debug|x64.ActiveCfg = Debug|Any CPU
		{E50FD177-FA6D-4A8F-A26F-5BEA608A8BBD}.Debug|x64.Build.0 = Debug|Any CPU
		{E50FD177-FA6D-4A8F-A26F-5BEA608A8BBD}.Debug|x86.ActiveCfg = Debug|Any CPU
		{E50FD177-FA6D-4A8F-A26F-5BEA608A8BBD}.Debug|x86.Build.0 = Debug|Any CPU
		{E50FD177-FA6D-4A8F-A26F-5BEA608A8BBD}.Release|Any CPU.ActiveCfg = Release|Any CPU
		{E50FD177-FA6D-4A8F-A26F-5BEA608A8BBD}.Release|Any CPU.Build.0 = Release|Any CPU
		{E50FD177-FA6D-4A8F-A26F-5BEA608A8BBD}.Release|x64.ActiveCfg = Release|Any CPU
		{E50FD177-FA6D-4A8F-A26F-5BEA608A8BBD}.Release|x64.Build.0 = Release|Any CPU
		{E50FD177-FA6D-4A8F-A26F-5BEA608A8BBD}.Release|x86.ActiveCfg = Release|Any CPU
		{E50FD177-FA6D-4A8F-A26F-5BEA608A8BBD}.Release|x86.Build.0 = Release|Any CPU
		{58264AD1-12C1-40E4-85C8-F8F575015E64}.Debug|Any CPU.ActiveCfg = Debug|Any CPU
		{58264AD1-12C1-40E4-85C8-F8F575015E64}.Debug|Any CPU.Build.0 = Debug|Any CPU
		{58264AD1-12C1-40E4-85C8-F8F575015E64}.Debug|x64.ActiveCfg = Debug|Any CPU
		{58264AD1-12C1-40E4-85C8-F8F575015E64}.Debug|x64.Build.0 = Debug|Any CPU
		{58264AD1-12C1-40E4-85C8-F8F575015E64}.Debug|x86.ActiveCfg = Debug|Any CPU
		{58264AD1-12C1-40E4-85C8-F8F575015E64}.Debug|x86.Build.0 = Debug|Any CPU
		{58264AD1-12C1-40E4-85C8-F8F575015E64}.Release|Any CPU.ActiveCfg = Release|Any CPU
		{58264AD1-12C1-40E4-85C8-F8F575015E64}.Release|Any CPU.Build.0 = Release|Any CPU
		{58264AD1-12C1-40E4-85C8-F8F575015E64}.Release|x64.ActiveCfg = Release|Any CPU
		{58264AD1-12C1-40E4-85C8-F8F575015E64}.Release|x64.Build.0 = Release|Any CPU
		{58264AD1-12C1-40E4-85C8-F8F575015E64}.Release|x86.ActiveCfg = Release|Any CPU
		{58264AD1-12C1-40E4-85C8-F8F575015E64}.Release|x86.Build.0 = Release|Any CPU
		{5BCE8EFC-384A-476F-AF05-48AA7A478B04}.Debug|Any CPU.ActiveCfg = Debug|Any CPU
		{5BCE8EFC-384A-476F-AF05-48AA7A478B04}.Debug|Any CPU.Build.0 = Debug|Any CPU
		{5BCE8EFC-384A-476F-AF05-48AA7A478B04}.Debug|x64.ActiveCfg = Debug|Any CPU
		{5BCE8EFC-384A-476F-AF05-48AA7A478B04}.Debug|x64.Build.0 = Debug|Any CPU
		{5BCE8EFC-384A-476F-AF05-48AA7A478B04}.Debug|x86.ActiveCfg = Debug|Any CPU
		{5BCE8EFC-384A-476F-AF05-48AA7A478B04}.Debug|x86.Build.0 = Debug|Any CPU
		{5BCE8EFC-384A-476F-AF05-48AA7A478B04}.Release|Any CPU.ActiveCfg = Release|Any CPU
		{5BCE8EFC-384A-476F-AF05-48AA7A478B04}.Release|Any CPU.Build.0 = Release|Any CPU
		{5BCE8EFC-384A-476F-AF05-48AA7A478B04}.Release|x64.ActiveCfg = Release|Any CPU
		{5BCE8EFC-384A-476F-AF05-48AA7A478B04}.Release|x64.Build.0 = Release|Any CPU
		{5BCE8EFC-384A-476F-AF05-48AA7A478B04}.Release|x86.ActiveCfg = Release|Any CPU
		{5BCE8EFC-384A-476F-AF05-48AA7A478B04}.Release|x86.Build.0 = Release|Any CPU
	EndGlobalSection
	GlobalSection(SolutionProperties) = preSolution
		HideSolutionNode = FALSE
	EndGlobalSection
	GlobalSection(NestedProjects) = preSolution
		{DA8E50FA-E0E2-4CA0-BAF5-70F38704FB54} = {6EA703D0-191A-D862-B1E6-67D1C8054AC9}
		{EA04F2A3-FD5F-4203-A836-22B0992A49E1} = {6EA703D0-191A-D862-B1E6-67D1C8054AC9}
		{81797685-EA04-4EB4-3CE2-F328D2EF423F} = {CEC0EC27-0CEC-90C6-CABA-E58AB278E4DA}
		{35401D8E-7F57-42C4-9536-EB8D1817C39B} = {81797685-EA04-4EB4-3CE2-F328D2EF423F}
		{AE31575C-B35B-4932-BB24-9A744487B530} = {02EA681E-C7D8-13C7-8484-4AC65E1B71E8}
		{196CFD2C-B8DD-442B-AEF7-0EBEC8C9AF2A} = {02EA681E-C7D8-13C7-8484-4AC65E1B71E8}
		{A6C42518-722A-48B7-97DF-AA0A8CA6FE14} = {02EA681E-C7D8-13C7-8484-4AC65E1B71E8}
		{13FA2CFC-A606-4CFF-A689-940EB01EC0C3} = {BDD015EF-405F-462D-950F-9B0EB8A9B651}
		{0B395DD3-78ED-4B82-98C8-C6A656C1EF74} = {BDD015EF-405F-462D-950F-9B0EB8A9B651}
		{8E90140E-7B58-471E-BF68-32997EEC8E0A} = {5338EE8C-C3F3-4044-93B2-62E5D5D78A26}
		{C09C8D98-9107-4060-BE9C-B20668D10DAD} = {DB56651B-7E1C-4BD4-BBD9-C7BFD9151865}
		{3EA748FB-A091-40AE-9653-37B39BBA3C31} = {D2B34C92-ECC2-450B-93BD-CE2DD2FB5E67}
		{CC12827C-0FDE-41F7-97BC-3A72B700C512} = {B088D5FB-0A77-41BC-B75D-F11043908FA0}
		{FAD839C1-E429-4CC0-89C6-F542EF0FCAE0} = {B088D5FB-0A77-41BC-B75D-F11043908FA0}
		{48EAA54D-9493-4214-B6A8-9C8DF6D73985} = {B088D5FB-0A77-41BC-B75D-F11043908FA0}
		{E50FD177-FA6D-4A8F-A26F-5BEA608A8BBD} = {FAD839C1-E429-4CC0-89C6-F542EF0FCAE0}
		{58264AD1-12C1-40E4-85C8-F8F575015E64} = {FAD839C1-E429-4CC0-89C6-F542EF0FCAE0}
		{5BCE8EFC-384A-476F-AF05-48AA7A478B04} = {CC12827C-0FDE-41F7-97BC-3A72B700C512}
	EndGlobalSection
	GlobalSection(ExtensibilityGlobals) = postSolution
		SolutionGuid = {0468E837-BD17-4685-B0DD-677EC21D2C7C}
	EndGlobalSection
EndGlobal
